
Microsoft Visual Studio Solution File, Format Version 12.00
# Visual Studio Version 17
VisualStudioVersion = 17.12.35527.113
MinimumVisualStudioVersion = 10.0.40219.1
Project("{2150E333-8FDC-42A3-9474-1A3956D46DE8}") = "Tests", "Tests", "{4A977F93-5A6F-4A72-85AC-494AE3D17EA3}"
EndProject
Project("{2150E333-8FDC-42A3-9474-1A3956D46DE8}") = "Source", "Source", "{9640648D-84A5-48AC-9E48-2257151FA0CA}"
EndProject
Project("{FAE04EC0-301F-11D3-BF4B-00C04F79EFBC}") = "TABP.API", "TABP.API\TABP.API.csproj", "{D18B232F-9CE1-457B-9975-75574B02E9AF}"
EndProject
Project("{FAE04EC0-301F-11D3-BF4B-00C04F79EFBC}") = "TABP.Application", "TABP.Application\TABP.Application.csproj", "{9023CDE9-19DF-41FA-A607-3DC3F71C7988}"
EndProject
Project("{FAE04EC0-301F-11D3-BF4B-00C04F79EFBC}") = "TABP.Infrastructure", "TABP.Infrastructure\TABP.Infrastructure.csproj", "{3ED26282-3C79-4923-95F1-013841061771}"
EndProject
Project("{FAE04EC0-301F-11D3-BF4B-00C04F79EFBC}") = "TABP.Domain", "TABP.Domain\TABP.Domain.csproj", "{5FD5943C-0331-4884-9ECD-694C57337D71}"
EndProject
Project("{FAE04EC0-301F-11D3-BF4B-00C04F79EFBC}") = "TABP.Tests", "TABP.Tests\TABP.Tests.csproj", "{7C298BF2-B14F-4098-AF06-FF161324245C}"
EndProject
Global
	GlobalSection(SolutionConfigurationPlatforms) = preSolution
		Debug|Any CPU = Debug|Any CPU
		Debug|x64 = Debug|x64
		Debug|x86 = Debug|x86
		Release|Any CPU = Release|Any CPU
		Release|x64 = Release|x64
		Release|x86 = Release|x86
	EndGlobalSection
	GlobalSection(ProjectConfigurationPlatforms) = postSolution
		{D18B232F-9CE1-457B-9975-75574B02E9AF}.Debug|Any CPU.ActiveCfg = Debug|Any CPU
		{D18B232F-9CE1-457B-9975-75574B02E9AF}.Debug|Any CPU.Build.0 = Debug|Any CPU
		{D18B232F-9CE1-457B-9975-75574B02E9AF}.Debug|x64.ActiveCfg = Debug|Any CPU
		{D18B232F-9CE1-457B-9975-75574B02E9AF}.Debug|x64.Build.0 = Debug|Any CPU
		{D18B232F-9CE1-457B-9975-75574B02E9AF}.Debug|x86.ActiveCfg = Debug|Any CPU
		{D18B232F-9CE1-457B-9975-75574B02E9AF}.Debug|x86.Build.0 = Debug|Any CPU
		{D18B232F-9CE1-457B-9975-75574B02E9AF}.Release|Any CPU.ActiveCfg = Release|Any CPU
		{D18B232F-9CE1-457B-9975-75574B02E9AF}.Release|Any CPU.Build.0 = Release|Any CPU
		{D18B232F-9CE1-457B-9975-75574B02E9AF}.Release|x64.ActiveCfg = Release|Any CPU
		{D18B232F-9CE1-457B-9975-75574B02E9AF}.Release|x64.Build.0 = Release|Any CPU
		{D18B232F-9CE1-457B-9975-75574B02E9AF}.Release|x86.ActiveCfg = Release|Any CPU
		{D18B232F-9CE1-457B-9975-75574B02E9AF}.Release|x86.Build.0 = Release|Any CPU
		{9023CDE9-19DF-41FA-A607-3DC3F71C7988}.Debug|Any CPU.ActiveCfg = Debug|Any CPU
		{9023CDE9-19DF-41FA-A607-3DC3F71C7988}.Debug|Any CPU.Build.0 = Debug|Any CPU
		{9023CDE9-19DF-41FA-A607-3DC3F71C7988}.Debug|x64.ActiveCfg = Debug|Any CPU
		{9023CDE9-19DF-41FA-A607-3DC3F71C7988}.Debug|x64.Build.0 = Debug|Any CPU
		{9023CDE9-19DF-41FA-A607-3DC3F71C7988}.Debug|x86.ActiveCfg = Debug|Any CPU
		{9023CDE9-19DF-41FA-A607-3DC3F71C7988}.Debug|x86.Build.0 = Debug|Any CPU
		{9023CDE9-19DF-41FA-A607-3DC3F71C7988}.Release|Any CPU.ActiveCfg = Release|Any CPU
		{9023CDE9-19DF-41FA-A607-3DC3F71C7988}.Release|Any CPU.Build.0 = Release|Any CPU
		{9023CDE9-19DF-41FA-A607-3DC3F71C7988}.Release|x64.ActiveCfg = Release|Any CPU
		{9023CDE9-19DF-41FA-A607-3DC3F71C7988}.Release|x64.Build.0 = Release|Any CPU
		{9023CDE9-19DF-41FA-A607-3DC3F71C7988}.Release|x86.ActiveCfg = Release|Any CPU
		{9023CDE9-19DF-41FA-A607-3DC3F71C7988}.Release|x86.Build.0 = Release|Any CPU
		{3ED26282-3C79-4923-95F1-013841061771}.Debug|Any CPU.ActiveCfg = Debug|Any CPU
		{3ED26282-3C79-4923-95F1-013841061771}.Debug|Any CPU.Build.0 = Debug|Any CPU
		{3ED26282-3C79-4923-95F1-013841061771}.Debug|x64.ActiveCfg = Debug|Any CPU
		{3ED26282-3C79-4923-95F1-013841061771}.Debug|x64.Build.0 = Debug|Any CPU
		{3ED26282-3C79-4923-95F1-013841061771}.Debug|x86.ActiveCfg = Debug|Any CPU
		{3ED26282-3C79-4923-95F1-013841061771}.Debug|x86.Build.0 = Debug|Any CPU
		{3ED26282-3C79-4923-95F1-013841061771}.Release|Any CPU.ActiveCfg = Release|Any CPU
		{3ED26282-3C79-4923-95F1-013841061771}.Release|Any CPU.Build.0 = Release|Any CPU
		{3ED26282-3C79-4923-95F1-013841061771}.Release|x64.ActiveCfg = Release|Any CPU
		{3ED26282-3C79-4923-95F1-013841061771}.Release|x64.Build.0 = Release|Any CPU
		{3ED26282-3C79-4923-95F1-013841061771}.Release|x86.ActiveCfg = Release|Any CPU
		{3ED26282-3C79-4923-95F1-013841061771}.Release|x86.Build.0 = Release|Any CPU
		{5FD5943C-0331-4884-9ECD-694C57337D71}.Debug|Any CPU.ActiveCfg = Debug|Any CPU
		{5FD5943C-0331-4884-9ECD-694C57337D71}.Debug|Any CPU.Build.0 = Debug|Any CPU
		{5FD5943C-0331-4884-9ECD-694C57337D71}.Debug|x64.ActiveCfg = Debug|Any CPU
		{5FD5943C-0331-4884-9ECD-694C57337D71}.Debug|x64.Build.0 = Debug|Any CPU
		{5FD5943C-0331-4884-9ECD-694C57337D71}.Debug|x86.ActiveCfg = Debug|Any CPU
		{5FD5943C-0331-4884-9ECD-694C57337D71}.Debug|x86.Build.0 = Debug|Any CPU
		{5FD5943C-0331-4884-9ECD-694C57337D71}.Release|Any CPU.ActiveCfg = Release|Any CPU
		{5FD5943C-0331-4884-9ECD-694C57337D71}.Release|Any CPU.Build.0 = Release|Any CPU
		{5FD5943C-0331-4884-9ECD-694C57337D71}.Release|x64.ActiveCfg = Release|Any CPU
		{5FD5943C-0331-4884-9ECD-694C57337D71}.Release|x64.Build.0 = Release|Any CPU
		{5FD5943C-0331-4884-9ECD-694C57337D71}.Release|x86.ActiveCfg = Release|Any CPU
		{5FD5943C-0331-4884-9ECD-694C57337D71}.Release|x86.Build.0 = Release|Any CPU
		{7C298BF2-B14F-4098-AF06-FF161324245C}.Debug|Any CPU.ActiveCfg = Debug|Any CPU
		{7C298BF2-B14F-4098-AF06-FF161324245C}.Debug|Any CPU.Build.0 = Debug|Any CPU
		{7C298BF2-B14F-4098-AF06-FF161324245C}.Debug|x64.ActiveCfg = Debug|Any CPU
		{7C298BF2-B14F-4098-AF06-FF161324245C}.Debug|x64.Build.0 = Debug|Any CPU
		{7C298BF2-B14F-4098-AF06-FF161324245C}.Debug|x86.ActiveCfg = Debug|Any CPU
		{7C298BF2-B14F-4098-AF06-FF161324245C}.Debug|x86.Build.0 = Debug|Any CPU
		{7C298BF2-B14F-4098-AF06-FF161324245C}.Release|Any CPU.ActiveCfg = Release|Any CPU
		{7C298BF2-B14F-4098-AF06-FF161324245C}.Release|Any CPU.Build.0 = Release|Any CPU
		{7C298BF2-B14F-4098-AF06-FF161324245C}.Release|x64.ActiveCfg = Release|Any CPU
		{7C298BF2-B14F-4098-AF06-FF161324245C}.Release|x64.Build.0 = Release|Any CPU
		{7C298BF2-B14F-4098-AF06-FF161324245C}.Release|x86.ActiveCfg = Release|Any CPU
		{7C298BF2-B14F-4098-AF06-FF161324245C}.Release|x86.Build.0 = Release|Any CPU
	EndGlobalSection
	GlobalSection(SolutionProperties) = preSolution
		HideSolutionNode = FALSE
	EndGlobalSection
	GlobalSection(NestedProjects) = preSolution
		{D18B232F-9CE1-457B-9975-75574B02E9AF} = {9640648D-84A5-48AC-9E48-2257151FA0CA}
		{9023CDE9-19DF-41FA-A607-3DC3F71C7988} = {9640648D-84A5-48AC-9E48-2257151FA0CA}
		{3ED26282-3C79-4923-95F1-013841061771} = {9640648D-84A5-48AC-9E48-2257151FA0CA}
		{5FD5943C-0331-4884-9ECD-694C57337D71} = {9640648D-84A5-48AC-9E48-2257151FA0CA}
		{7C298BF2-B14F-4098-AF06-FF161324245C} = {4A977F93-5A6F-4A72-85AC-494AE3D17EA3}
	EndGlobalSection
EndGlobal
